
Microsoft Visual Studio Solution File, Format Version 12.00
# Visual Studio Version 17
VisualStudioVersion = 17.13.35723.152 d17.13
MinimumVisualStudioVersion = 10.0.40219.1
Project("{FAE04EC0-301F-11D3-BF4B-00C04F79EFBC}") = "CrudOperationsInRazorPages", "CrudOperationsInRazorPages\CrudOperationsInRazorPages.csproj", "{B4867257-CB1B-4AD9-BC89-69A2A5602EA6}"
EndProject
Global
	GlobalSection(SolutionConfigurationPlatforms) = preSolution
		Debug|Any CPU = Debug|Any CPU
		Release|Any CPU = Release|Any CPU
	EndGlobalSection
	GlobalSection(ProjectConfigurationPlatforms) = postSolution
		{B4867257-CB1B-4AD9-BC89-69A2A5602EA6}.Debug|Any CPU.ActiveCfg = Debug|Any CPU
		{B4867257-CB1B-4AD9-BC89-69A2A5602EA6}.Debug|Any CPU.Build.0 = Debug|Any CPU
		{B4867257-CB1B-4AD9-BC89-69A2A5602EA6}.Release|Any CPU.ActiveCfg = Release|Any CPU
		{B4867257-CB1B-4AD9-BC89-69A2A5602EA6}.Release|Any CPU.Build.0 = Release|Any CPU
	EndGlobalSection
	GlobalSection(SolutionProperties) = preSolution
		HideSolutionNode = FALSE
	EndGlobalSection
	GlobalSection(ExtensibilityGlobals) = postSolution
		SolutionGuid = {A61B7056-94F6-4419-B3EB-AFFE9CE64ED5}
	EndGlobalSection
EndGlobal
